# This file is automatically @generated by Cargo.
# It is not intended for manual editing.
version = 4

[[package]]
name = "hxdmp"
version = "0.2.1"
source = "registry+https://github.com/rust-lang/crates.io-index"
checksum = "a17b27f28a7466846baca75f0a5244e546e44178eb7f1c07a3820f413e91c6b0"

[[package]]
name = "task2"
version = "0.1.0"
dependencies = [
 "hxdmp",
]
